// !$*UTF8*$!
{
	archiveVersion = 1;
	classes = {
	};
	objectVersion = 55;
	objects = {

/* Begin PBXBuildFile section */
		1F5B066028551E1A00028DE5 /* UIView Corner Extension.swift in Sources */ = {isa = PBXBuildFile; fileRef = 1F5B065F28551E1A00028DE5 /* UIView Corner Extension.swift */; };
		1FD31F14285C6209001F85BB /* ShoppingListCell.swift in Sources */ = {isa = PBXBuildFile; fileRef = 1FD31F12285C6209001F85BB /* ShoppingListCell.swift */; };
		1FD31F15285C6209001F85BB /* ShoppingListCell.xib in Resources */ = {isa = PBXBuildFile; fileRef = 1FD31F13285C6209001F85BB /* ShoppingListCell.xib */; };
		1FEF534E285E6F74009F9E23 /* ShoppingHistoryCell.swift in Sources */ = {isa = PBXBuildFile; fileRef = 1FEF534C285E6F74009F9E23 /* ShoppingHistoryCell.swift */; };
		1FEF534F285E6F74009F9E23 /* ShoppingHistoryCell.xib in Resources */ = {isa = PBXBuildFile; fileRef = 1FEF534D285E6F74009F9E23 /* ShoppingHistoryCell.xib */; };
		966666B62861B525000C92D1 /* PantryCell.swift in Sources */ = {isa = PBXBuildFile; fileRef = 966666B52861B525000C92D1 /* PantryCell.swift */; };
		96711B0A2862FECF008B1E4C /* Food+CoreDataClass.swift in Sources */ = {isa = PBXBuildFile; fileRef = 96711B062862FECF008B1E4C /* Food+CoreDataClass.swift */; };
		96711B0B2862FECF008B1E4C /* Food+CoreDataProperties.swift in Sources */ = {isa = PBXBuildFile; fileRef = 96711B072862FECF008B1E4C /* Food+CoreDataProperties.swift */; };
		96711B0C2862FECF008B1E4C /* List+CoreDataClass.swift in Sources */ = {isa = PBXBuildFile; fileRef = 96711B082862FECF008B1E4C /* List+CoreDataClass.swift */; };
		96711B0D2862FECF008B1E4C /* List+CoreDataProperties.swift in Sources */ = {isa = PBXBuildFile; fileRef = 96711B092862FECF008B1E4C /* List+CoreDataProperties.swift */; };
		96C62FC5285586C80086B0E5 /* shoppingListViewController.swift in Sources */ = {isa = PBXBuildFile; fileRef = 96C62FC4285586C80086B0E5 /* shoppingListViewController.swift */; };
		96EF7D362858843A00005C60 /* TrowleyTabBar.swift in Sources */ = {isa = PBXBuildFile; fileRef = 96EF7D352858843A00005C60 /* TrowleyTabBar.swift */; };
		96FD42542851E1DB00A83670 /* AppDelegate.swift in Sources */ = {isa = PBXBuildFile; fileRef = 96FD42532851E1DB00A83670 /* AppDelegate.swift */; };
		96FD42562851E1DB00A83670 /* SceneDelegate.swift in Sources */ = {isa = PBXBuildFile; fileRef = 96FD42552851E1DB00A83670 /* SceneDelegate.swift */; };
		96FD42582851E1DB00A83670 /* ViewController.swift in Sources */ = {isa = PBXBuildFile; fileRef = 96FD42572851E1DB00A83670 /* ViewController.swift */; };
		96FD425B2851E1DB00A83670 /* Main.storyboard in Resources */ = {isa = PBXBuildFile; fileRef = 96FD42592851E1DB00A83670 /* Main.storyboard */; };
		96FD425E2851E1DB00A83670 /* Trowley.xcdatamodeld in Sources */ = {isa = PBXBuildFile; fileRef = 96FD425C2851E1DB00A83670 /* Trowley.xcdatamodeld */; };
		96FD42602851E1DE00A83670 /* Assets.xcassets in Resources */ = {isa = PBXBuildFile; fileRef = 96FD425F2851E1DE00A83670 /* Assets.xcassets */; };
		96FD42632851E1DE00A83670 /* LaunchScreen.storyboard in Resources */ = {isa = PBXBuildFile; fileRef = 96FD42612851E1DE00A83670 /* LaunchScreen.storyboard */; };
		D82CC08C2861B4C200DF2432 /* ShoplistModalViewController.swift in Sources */ = {isa = PBXBuildFile; fileRef = D82CC08B2861B4C200DF2432 /* ShoplistModalViewController.swift */; };
		D8A010402861ACC100415027 /* PantryModalViewController.swift in Sources */ = {isa = PBXBuildFile; fileRef = D8A0103F2861ACC100415027 /* PantryModalViewController.swift */; };
/* End PBXBuildFile section */

/* Begin PBXFileReference section */
		1F5B065F28551E1A00028DE5 /* UIView Corner Extension.swift */ = {isa = PBXFileReference; lastKnownFileType = sourcecode.swift; path = "UIView Corner Extension.swift"; sourceTree = "<group>"; };
		1FD31F12285C6209001F85BB /* ShoppingListCell.swift */ = {isa = PBXFileReference; lastKnownFileType = sourcecode.swift; path = ShoppingListCell.swift; sourceTree = "<group>"; };
		1FD31F13285C6209001F85BB /* ShoppingListCell.xib */ = {isa = PBXFileReference; lastKnownFileType = file.xib; path = ShoppingListCell.xib; sourceTree = "<group>"; };
		1FEF534C285E6F74009F9E23 /* ShoppingHistoryCell.swift */ = {isa = PBXFileReference; lastKnownFileType = sourcecode.swift; path = ShoppingHistoryCell.swift; sourceTree = "<group>"; };
		1FEF534D285E6F74009F9E23 /* ShoppingHistoryCell.xib */ = {isa = PBXFileReference; lastKnownFileType = file.xib; path = ShoppingHistoryCell.xib; sourceTree = "<group>"; };
		966666B52861B525000C92D1 /* PantryCell.swift */ = {isa = PBXFileReference; lastKnownFileType = sourcecode.swift; path = PantryCell.swift; sourceTree = "<group>"; };
		96711B062862FECF008B1E4C /* Food+CoreDataClass.swift */ = {isa = PBXFileReference; lastKnownFileType = sourcecode.swift; path = "Food+CoreDataClass.swift"; sourceTree = "<group>"; };
		96711B072862FECF008B1E4C /* Food+CoreDataProperties.swift */ = {isa = PBXFileReference; lastKnownFileType = sourcecode.swift; path = "Food+CoreDataProperties.swift"; sourceTree = "<group>"; };
		96711B082862FECF008B1E4C /* List+CoreDataClass.swift */ = {isa = PBXFileReference; lastKnownFileType = sourcecode.swift; path = "List+CoreDataClass.swift"; sourceTree = "<group>"; };
		96711B092862FECF008B1E4C /* List+CoreDataProperties.swift */ = {isa = PBXFileReference; lastKnownFileType = sourcecode.swift; path = "List+CoreDataProperties.swift"; sourceTree = "<group>"; };
		96C62FC4285586C80086B0E5 /* shoppingListViewController.swift */ = {isa = PBXFileReference; lastKnownFileType = sourcecode.swift; path = shoppingListViewController.swift; sourceTree = "<group>"; };
		96EF7D352858843A00005C60 /* TrowleyTabBar.swift */ = {isa = PBXFileReference; lastKnownFileType = sourcecode.swift; path = TrowleyTabBar.swift; sourceTree = "<group>"; };
		96FD42502851E1DB00A83670 /* Trowley.app */ = {isa = PBXFileReference; explicitFileType = wrapper.application; includeInIndex = 0; path = Trowley.app; sourceTree = BUILT_PRODUCTS_DIR; };
		96FD42532851E1DB00A83670 /* AppDelegate.swift */ = {isa = PBXFileReference; lastKnownFileType = sourcecode.swift; path = AppDelegate.swift; sourceTree = "<group>"; };
		96FD42552851E1DB00A83670 /* SceneDelegate.swift */ = {isa = PBXFileReference; lastKnownFileType = sourcecode.swift; path = SceneDelegate.swift; sourceTree = "<group>"; };
		96FD42572851E1DB00A83670 /* ViewController.swift */ = {isa = PBXFileReference; lastKnownFileType = sourcecode.swift; path = ViewController.swift; sourceTree = "<group>"; };
		96FD425A2851E1DB00A83670 /* Base */ = {isa = PBXFileReference; lastKnownFileType = file.storyboard; name = Base; path = Base.lproj/Main.storyboard; sourceTree = "<group>"; };
		96FD425D2851E1DB00A83670 /* Trowley.xcdatamodel */ = {isa = PBXFileReference; lastKnownFileType = wrapper.xcdatamodel; path = Trowley.xcdatamodel; sourceTree = "<group>"; };
		96FD425F2851E1DE00A83670 /* Assets.xcassets */ = {isa = PBXFileReference; lastKnownFileType = folder.assetcatalog; path = Assets.xcassets; sourceTree = "<group>"; };
		96FD42622851E1DE00A83670 /* Base */ = {isa = PBXFileReference; lastKnownFileType = file.storyboard; name = Base; path = Base.lproj/LaunchScreen.storyboard; sourceTree = "<group>"; };
		96FD42642851E1DE00A83670 /* Info.plist */ = {isa = PBXFileReference; lastKnownFileType = text.plist.xml; path = Info.plist; sourceTree = "<group>"; };
		D82CC08B2861B4C200DF2432 /* ShoplistModalViewController.swift */ = {isa = PBXFileReference; lastKnownFileType = sourcecode.swift; path = ShoplistModalViewController.swift; sourceTree = "<group>"; };
		D8A0103F2861ACC100415027 /* PantryModalViewController.swift */ = {isa = PBXFileReference; lastKnownFileType = sourcecode.swift; path = PantryModalViewController.swift; sourceTree = "<group>"; };
/* End PBXFileReference section */

/* Begin PBXFrameworksBuildPhase section */
		96FD424D2851E1DB00A83670 /* Frameworks */ = {
			isa = PBXFrameworksBuildPhase;
			buildActionMask = 2147483647;
			files = (
			);
			runOnlyForDeploymentPostprocessing = 0;
		};
/* End PBXFrameworksBuildPhase section */

/* Begin PBXGroup section */
		96711B0E2862FF01008B1E4C /* Model */ = {
			isa = PBXGroup;
			children = (
				96711B062862FECF008B1E4C /* Food+CoreDataClass.swift */,
				96711B072862FECF008B1E4C /* Food+CoreDataProperties.swift */,
				96711B082862FECF008B1E4C /* List+CoreDataClass.swift */,
				96711B092862FECF008B1E4C /* List+CoreDataProperties.swift */,
			);
			path = Model;
			sourceTree = "<group>";
		};
		96711B0F2863119A008B1E4C /* Delegate */ = {
			isa = PBXGroup;
			children = (
				96FD42532851E1DB00A83670 /* AppDelegate.swift */,
				96FD42552851E1DB00A83670 /* SceneDelegate.swift */,
			);
			path = Delegate;
			sourceTree = "<group>";
		};
		96711B10286311AD008B1E4C /* ViewController */ = {
			isa = PBXGroup;
			children = (
				96FD42572851E1DB00A83670 /* ViewController.swift */,
				D8A0103F2861ACC100415027 /* PantryModalViewController.swift */,
				D82CC08B2861B4C200DF2432 /* ShoplistModalViewController.swift */,
				96C62FC4285586C80086B0E5 /* shoppingListViewController.swift */,
			);
			path = ViewController;
			sourceTree = "<group>";
		};
		96711B11286311DA008B1E4C /* Cell */ = {
			isa = PBXGroup;
			children = (
				1FEF534D285E6F74009F9E23 /* ShoppingHistoryCell.xib */,
				1FD31F13285C6209001F85BB /* ShoppingListCell.xib */,
				966666B52861B525000C92D1 /* PantryCell.swift */,
				1FEF534C285E6F74009F9E23 /* ShoppingHistoryCell.swift */,
				1FD31F12285C6209001F85BB /* ShoppingListCell.swift */,
			);
			path = Cell;
			sourceTree = "<group>";
		};
		96FD42472851E1DB00A83670 = {
			isa = PBXGroup;
			children = (
				96FD42522851E1DB00A83670 /* Trowley */,
				96FD42512851E1DB00A83670 /* Products */,
			);
			sourceTree = "<group>";
		};
		96FD42512851E1DB00A83670 /* Products */ = {
			isa = PBXGroup;
			children = (
				96FD42502851E1DB00A83670 /* Trowley.app */,
			);
			name = Products;
			sourceTree = "<group>";
		};
		96FD42522851E1DB00A83670 /* Trowley */ = {
			isa = PBXGroup;
			children = (
				96711B11286311DA008B1E4C /* Cell */,
				96711B10286311AD008B1E4C /* ViewController */,
				96711B0F2863119A008B1E4C /* Delegate */,
				96711B0E2862FF01008B1E4C /* Model */,
				1F5B065F28551E1A00028DE5 /* UIView Corner Extension.swift */,
				96EF7D352858843A00005C60 /* TrowleyTabBar.swift */,
				96FD42592851E1DB00A83670 /* Main.storyboard */,
				96FD42612851E1DE00A83670 /* LaunchScreen.storyboard */,
				96FD425F2851E1DE00A83670 /* Assets.xcassets */,
				96FD42642851E1DE00A83670 /* Info.plist */,
				96FD425C2851E1DB00A83670 /* Trowley.xcdatamodeld */,
			);
			path = Trowley;
			sourceTree = "<group>";
		};
/* End PBXGroup section */

/* Begin PBXNativeTarget section */
		96FD424F2851E1DB00A83670 /* Trowley */ = {
			isa = PBXNativeTarget;
			buildConfigurationList = 96FD42672851E1DE00A83670 /* Build configuration list for PBXNativeTarget "Trowley" */;
			buildPhases = (
				96FD424C2851E1DB00A83670 /* Sources */,
				96FD424D2851E1DB00A83670 /* Frameworks */,
				96FD424E2851E1DB00A83670 /* Resources */,
			);
			buildRules = (
			);
			dependencies = (
			);
			name = Trowley;
			productName = Trowley;
			productReference = 96FD42502851E1DB00A83670 /* Trowley.app */;
			productType = "com.apple.product-type.application";
		};
/* End PBXNativeTarget section */

/* Begin PBXProject section */
		96FD42482851E1DB00A83670 /* Project object */ = {
			isa = PBXProject;
			attributes = {
				BuildIndependentTargetsInParallel = 1;
				LastSwiftUpdateCheck = 1340;
				LastUpgradeCheck = 1340;
				TargetAttributes = {
					96FD424F2851E1DB00A83670 = {
						CreatedOnToolsVersion = 13.4.1;
					};
				};
			};
			buildConfigurationList = 96FD424B2851E1DB00A83670 /* Build configuration list for PBXProject "Trowley" */;
			compatibilityVersion = "Xcode 13.0";
			developmentRegion = en;
			hasScannedForEncodings = 0;
			knownRegions = (
				en,
				Base,
			);
			mainGroup = 96FD42472851E1DB00A83670;
			productRefGroup = 96FD42512851E1DB00A83670 /* Products */;
			projectDirPath = "";
			projectRoot = "";
			targets = (
				96FD424F2851E1DB00A83670 /* Trowley */,
			);
		};
/* End PBXProject section */

/* Begin PBXResourcesBuildPhase section */
		96FD424E2851E1DB00A83670 /* Resources */ = {
			isa = PBXResourcesBuildPhase;
			buildActionMask = 2147483647;
			files = (
				96FD42632851E1DE00A83670 /* LaunchScreen.storyboard in Resources */,
				96FD42602851E1DE00A83670 /* Assets.xcassets in Resources */,
				1FD31F15285C6209001F85BB /* ShoppingListCell.xib in Resources */,
				96FD425B2851E1DB00A83670 /* Main.storyboard in Resources */,
				1FEF534F285E6F74009F9E23 /* ShoppingHistoryCell.xib in Resources */,
			);
			runOnlyForDeploymentPostprocessing = 0;
		};
/* End PBXResourcesBuildPhase section */

/* Begin PBXSourcesBuildPhase section */
		96FD424C2851E1DB00A83670 /* Sources */ = {
			isa = PBXSourcesBuildPhase;
			buildActionMask = 2147483647;
			files = (
				96711B0A2862FECF008B1E4C /* Food+CoreDataClass.swift in Sources */,
				D8A010402861ACC100415027 /* PantryModalViewController.swift in Sources */,
				96FD42582851E1DB00A83670 /* ViewController.swift in Sources */,
				96FD42542851E1DB00A83670 /* AppDelegate.swift in Sources */,
				1FD31F14285C6209001F85BB /* ShoppingListCell.swift in Sources */,
				96C62FC5285586C80086B0E5 /* shoppingListViewController.swift in Sources */,
				D82CC08C2861B4C200DF2432 /* ShoplistModalViewController.swift in Sources */,
				96711B0C2862FECF008B1E4C /* List+CoreDataClass.swift in Sources */,
				1F5B066028551E1A00028DE5 /* UIView Corner Extension.swift in Sources */,
				966666B62861B525000C92D1 /* PantryCell.swift in Sources */,
				96711B0B2862FECF008B1E4C /* Food+CoreDataProperties.swift in Sources */,
				1FEF534E285E6F74009F9E23 /* ShoppingHistoryCell.swift in Sources */,
				96EF7D362858843A00005C60 /* TrowleyTabBar.swift in Sources */,
				96FD425E2851E1DB00A83670 /* Trowley.xcdatamodeld in Sources */,
				96FD42562851E1DB00A83670 /* SceneDelegate.swift in Sources */,
				96711B0D2862FECF008B1E4C /* List+CoreDataProperties.swift in Sources */,
			);
			runOnlyForDeploymentPostprocessing = 0;
		};
/* End PBXSourcesBuildPhase section */

/* Begin PBXVariantGroup section */
		96FD42592851E1DB00A83670 /* Main.storyboard */ = {
			isa = PBXVariantGroup;
			children = (
				96FD425A2851E1DB00A83670 /* Base */,
			);
			name = Main.storyboard;
			sourceTree = "<group>";
		};
		96FD42612851E1DE00A83670 /* LaunchScreen.storyboard */ = {
			isa = PBXVariantGroup;
			children = (
				96FD42622851E1DE00A83670 /* Base */,
			);
			name = LaunchScreen.storyboard;
			sourceTree = "<group>";
		};
/* End PBXVariantGroup section */

/* Begin XCBuildConfiguration section */
		96FD42652851E1DE00A83670 /* Debug */ = {
			isa = XCBuildConfiguration;
			buildSettings = {
				ALWAYS_SEARCH_USER_PATHS = NO;
				CLANG_ANALYZER_NONNULL = YES;
				CLANG_ANALYZER_NUMBER_OBJECT_CONVERSION = YES_AGGRESSIVE;
				CLANG_CXX_LANGUAGE_STANDARD = "gnu++17";
				CLANG_ENABLE_MODULES = YES;
				CLANG_ENABLE_OBJC_ARC = YES;
				CLANG_ENABLE_OBJC_WEAK = YES;
				CLANG_WARN_BLOCK_CAPTURE_AUTORELEASING = YES;
				CLANG_WARN_BOOL_CONVERSION = YES;
				CLANG_WARN_COMMA = YES;
				CLANG_WARN_CONSTANT_CONVERSION = YES;
				CLANG_WARN_DEPRECATED_OBJC_IMPLEMENTATIONS = YES;
				CLANG_WARN_DIRECT_OBJC_ISA_USAGE = YES_ERROR;
				CLANG_WARN_DOCUMENTATION_COMMENTS = YES;
				CLANG_WARN_EMPTY_BODY = YES;
				CLANG_WARN_ENUM_CONVERSION = YES;
				CLANG_WARN_INFINITE_RECURSION = YES;
				CLANG_WARN_INT_CONVERSION = YES;
				CLANG_WARN_NON_LITERAL_NULL_CONVERSION = YES;
				CLANG_WARN_OBJC_IMPLICIT_RETAIN_SELF = YES;
				CLANG_WARN_OBJC_LITERAL_CONVERSION = YES;
				CLANG_WARN_OBJC_ROOT_CLASS = YES_ERROR;
				CLANG_WARN_QUOTED_INCLUDE_IN_FRAMEWORK_HEADER = YES;
				CLANG_WARN_RANGE_LOOP_ANALYSIS = YES;
				CLANG_WARN_STRICT_PROTOTYPES = YES;
				CLANG_WARN_SUSPICIOUS_MOVE = YES;
				CLANG_WARN_UNGUARDED_AVAILABILITY = YES_AGGRESSIVE;
				CLANG_WARN_UNREACHABLE_CODE = YES;
				CLANG_WARN__DUPLICATE_METHOD_MATCH = YES;
				COPY_PHASE_STRIP = NO;
				DEBUG_INFORMATION_FORMAT = dwarf;
				ENABLE_STRICT_OBJC_MSGSEND = YES;
				ENABLE_TESTABILITY = YES;
				GCC_C_LANGUAGE_STANDARD = gnu11;
				GCC_DYNAMIC_NO_PIC = NO;
				GCC_NO_COMMON_BLOCKS = YES;
				GCC_OPTIMIZATION_LEVEL = 0;
				GCC_PREPROCESSOR_DEFINITIONS = (
					"DEBUG=1",
					"$(inherited)",
				);
				GCC_WARN_64_TO_32_BIT_CONVERSION = YES;
				GCC_WARN_ABOUT_RETURN_TYPE = YES_ERROR;
				GCC_WARN_UNDECLARED_SELECTOR = YES;
				GCC_WARN_UNINITIALIZED_AUTOS = YES_AGGRESSIVE;
				GCC_WARN_UNUSED_FUNCTION = YES;
				GCC_WARN_UNUSED_VARIABLE = YES;
				IPHONEOS_DEPLOYMENT_TARGET = 15.2;
				MTL_ENABLE_DEBUG_INFO = INCLUDE_SOURCE;
				MTL_FAST_MATH = YES;
				ONLY_ACTIVE_ARCH = YES;
				SDKROOT = iphoneos;
				SWIFT_ACTIVE_COMPILATION_CONDITIONS = DEBUG;
				SWIFT_OPTIMIZATION_LEVEL = "-Onone";
			};
			name = Debug;
		};
		96FD42662851E1DE00A83670 /* Release */ = {
			isa = XCBuildConfiguration;
			buildSettings = {
				ALWAYS_SEARCH_USER_PATHS = NO;
				CLANG_ANALYZER_NONNULL = YES;
				CLANG_ANALYZER_NUMBER_OBJECT_CONVERSION = YES_AGGRESSIVE;
				CLANG_CXX_LANGUAGE_STANDARD = "gnu++17";
				CLANG_ENABLE_MODULES = YES;
				CLANG_ENABLE_OBJC_ARC = YES;
				CLANG_ENABLE_OBJC_WEAK = YES;
				CLANG_WARN_BLOCK_CAPTURE_AUTORELEASING = YES;
				CLANG_WARN_BOOL_CONVERSION = YES;
				CLANG_WARN_COMMA = YES;
				CLANG_WARN_CONSTANT_CONVERSION = YES;
				CLANG_WARN_DEPRECATED_OBJC_IMPLEMENTATIONS = YES;
				CLANG_WARN_DIRECT_OBJC_ISA_USAGE = YES_ERROR;
				CLANG_WARN_DOCUMENTATION_COMMENTS = YES;
				CLANG_WARN_EMPTY_BODY = YES;
				CLANG_WARN_ENUM_CONVERSION = YES;
				CLANG_WARN_INFINITE_RECURSION = YES;
				CLANG_WARN_INT_CONVERSION = YES;
				CLANG_WARN_NON_LITERAL_NULL_CONVERSION = YES;
				CLANG_WARN_OBJC_IMPLICIT_RETAIN_SELF = YES;
				CLANG_WARN_OBJC_LITERAL_CONVERSION = YES;
				CLANG_WARN_OBJC_ROOT_CLASS = YES_ERROR;
				CLANG_WARN_QUOTED_INCLUDE_IN_FRAMEWORK_HEADER = YES;
				CLANG_WARN_RANGE_LOOP_ANALYSIS = YES;
				CLANG_WARN_STRICT_PROTOTYPES = YES;
				CLANG_WARN_SUSPICIOUS_MOVE = YES;
				CLANG_WARN_UNGUARDED_AVAILABILITY = YES_AGGRESSIVE;
				CLANG_WARN_UNREACHABLE_CODE = YES;
				CLANG_WARN__DUPLICATE_METHOD_MATCH = YES;
				COPY_PHASE_STRIP = NO;
				DEBUG_INFORMATION_FORMAT = "dwarf-with-dsym";
				ENABLE_NS_ASSERTIONS = NO;
				ENABLE_STRICT_OBJC_MSGSEND = YES;
				GCC_C_LANGUAGE_STANDARD = gnu11;
				GCC_NO_COMMON_BLOCKS = YES;
				GCC_WARN_64_TO_32_BIT_CONVERSION = YES;
				GCC_WARN_ABOUT_RETURN_TYPE = YES_ERROR;
				GCC_WARN_UNDECLARED_SELECTOR = YES;
				GCC_WARN_UNINITIALIZED_AUTOS = YES_AGGRESSIVE;
				GCC_WARN_UNUSED_FUNCTION = YES;
				GCC_WARN_UNUSED_VARIABLE = YES;
				IPHONEOS_DEPLOYMENT_TARGET = 15.2;
				MTL_ENABLE_DEBUG_INFO = NO;
				MTL_FAST_MATH = YES;
				SDKROOT = iphoneos;
				SWIFT_COMPILATION_MODE = wholemodule;
				SWIFT_OPTIMIZATION_LEVEL = "-O";
				VALIDATE_PRODUCT = YES;
			};
			name = Release;
		};
		96FD42682851E1DE00A83670 /* Debug */ = {
			isa = XCBuildConfiguration;
			buildSettings = {
				ASSETCATALOG_COMPILER_APPICON_NAME = AppIcon;
				ASSETCATALOG_COMPILER_GLOBAL_ACCENT_COLOR_NAME = AccentColor;
				CODE_SIGN_STYLE = Automatic;
				CURRENT_PROJECT_VERSION = 1;
				DEVELOPMENT_TEAM = RZWUV85Y3A;
				GENERATE_INFOPLIST_FILE = YES;
				INFOPLIST_FILE = Trowley/Info.plist;
				INFOPLIST_KEY_UIApplicationSupportsIndirectInputEvents = YES;
				INFOPLIST_KEY_UILaunchStoryboardName = LaunchScreen;
				INFOPLIST_KEY_UIMainStoryboardFile = Main;
				INFOPLIST_KEY_UISupportedInterfaceOrientations_iPad = "UIInterfaceOrientationPortrait UIInterfaceOrientationPortraitUpsideDown UIInterfaceOrientationLandscapeLeft UIInterfaceOrientationLandscapeRight";
				INFOPLIST_KEY_UISupportedInterfaceOrientations_iPhone = "UIInterfaceOrientationPortrait UIInterfaceOrientationLandscapeLeft UIInterfaceOrientationLandscapeRight";
				LD_RUNPATH_SEARCH_PATHS = (
					"$(inherited)",
					"@executable_path/Frameworks",
				);
				MARKETING_VERSION = 1.0;
				PRODUCT_BUNDLE_IDENTIFIER = "Take-Us-Out.Trowley";
				PRODUCT_NAME = "$(TARGET_NAME)";
				SWIFT_EMIT_LOC_STRINGS = YES;
				SWIFT_VERSION = 5.0;
				TARGETED_DEVICE_FAMILY = "1,2";
			};
			name = Debug;
		};
		96FD42692851E1DE00A83670 /* Release */ = {
			isa = XCBuildConfiguration;
			buildSettings = {
				ASSETCATALOG_COMPILER_APPICON_NAME = AppIcon;
				ASSETCATALOG_COMPILER_GLOBAL_ACCENT_COLOR_NAME = AccentColor;
				CODE_SIGN_STYLE = Automatic;
				CURRENT_PROJECT_VERSION = 1;
				DEVELOPMENT_TEAM = RZWUV85Y3A;
				GENERATE_INFOPLIST_FILE = YES;
				INFOPLIST_FILE = Trowley/Info.plist;
				INFOPLIST_KEY_UIApplicationSupportsIndirectInputEvents = YES;
				INFOPLIST_KEY_UILaunchStoryboardName = LaunchScreen;
				INFOPLIST_KEY_UIMainStoryboardFile = Main;
				INFOPLIST_KEY_UISupportedInterfaceOrientations_iPad = "UIInterfaceOrientationPortrait UIInterfaceOrientationPortraitUpsideDown UIInterfaceOrientationLandscapeLeft UIInterfaceOrientationLandscapeRight";
				INFOPLIST_KEY_UISupportedInterfaceOrientations_iPhone = "UIInterfaceOrientationPortrait UIInterfaceOrientationLandscapeLeft UIInterfaceOrientationLandscapeRight";
				LD_RUNPATH_SEARCH_PATHS = (
					"$(inherited)",
					"@executable_path/Frameworks",
				);
				MARKETING_VERSION = 1.0;
				PRODUCT_BUNDLE_IDENTIFIER = "Take-Us-Out.Trowley";
				PRODUCT_NAME = "$(TARGET_NAME)";
				SWIFT_EMIT_LOC_STRINGS = YES;
				SWIFT_VERSION = 5.0;
				TARGETED_DEVICE_FAMILY = "1,2";
			};
			name = Release;
		};
/* End XCBuildConfiguration section */

/* Begin XCConfigurationList section */
		96FD424B2851E1DB00A83670 /* Build configuration list for PBXProject "Trowley" */ = {
			isa = XCConfigurationList;
			buildConfigurations = (
				96FD42652851E1DE00A83670 /* Debug */,
				96FD42662851E1DE00A83670 /* Release */,
			);
			defaultConfigurationIsVisible = 0;
			defaultConfigurationName = Release;
		};
		96FD42672851E1DE00A83670 /* Build configuration list for PBXNativeTarget "Trowley" */ = {
			isa = XCConfigurationList;
			buildConfigurations = (
				96FD42682851E1DE00A83670 /* Debug */,
				96FD42692851E1DE00A83670 /* Release */,
			);
			defaultConfigurationIsVisible = 0;
			defaultConfigurationName = Release;
		};
/* End XCConfigurationList section */

/* Begin XCVersionGroup section */
		96FD425C2851E1DB00A83670 /* Trowley.xcdatamodeld */ = {
			isa = XCVersionGroup;
			children = (
				96FD425D2851E1DB00A83670 /* Trowley.xcdatamodel */,
			);
			currentVersion = 96FD425D2851E1DB00A83670 /* Trowley.xcdatamodel */;
			path = Trowley.xcdatamodeld;
			sourceTree = "<group>";
			versionGroupType = wrapper.xcdatamodel;
		};
/* End XCVersionGroup section */
	};
	rootObject = 96FD42482851E1DB00A83670 /* Project object */;
}
